// !$*UTF8*$!
{
	archiveVersion = 1;
	classes = {
	};
	objectVersion = 50;
	objects = {

/* Begin PBXBuildFile section */
		98666CF858E60F9A885A778E /* Pods_ParstagramTests.framework in Frameworks */ = {isa = PBXBuildFile; fileRef = 7DFE01C9531684237BD7D10D /* Pods_ParstagramTests.framework */; };
		9E5E38B49C1668AD0AD7B163 /* Pods_Parstagram.framework in Frameworks */ = {isa = PBXBuildFile; fileRef = 87047E50683EBEC89CE448DF /* Pods_Parstagram.framework */; };
		AF0EF570D25BEAE00CD64C04 /* Pods_ParstagramUITests.framework in Frameworks */ = {isa = PBXBuildFile; fileRef = 997C7EFBF1ECF5EE6CFEC23D /* Pods_ParstagramUITests.framework */; };
		E4D9269E222DE02D00019F25 /* AppDelegate.swift in Sources */ = {isa = PBXBuildFile; fileRef = E4D9269D222DE02D00019F25 /* AppDelegate.swift */; };
		E4D926A3222DE02D00019F25 /* Main.storyboard in Resources */ = {isa = PBXBuildFile; fileRef = E4D926A1222DE02D00019F25 /* Main.storyboard */; };
		E4D926A5222DE03100019F25 /* Assets.xcassets in Resources */ = {isa = PBXBuildFile; fileRef = E4D926A4222DE03100019F25 /* Assets.xcassets */; };
		E4D926A8222DE03100019F25 /* LaunchScreen.storyboard in Resources */ = {isa = PBXBuildFile; fileRef = E4D926A6222DE03100019F25 /* LaunchScreen.storyboard */; };
		E4D926B3222DE03200019F25 /* ParstagramTests.swift in Sources */ = {isa = PBXBuildFile; fileRef = E4D926B2222DE03200019F25 /* ParstagramTests.swift */; };
		E4D926BE222DE03200019F25 /* ParstagramUITests.swift in Sources */ = {isa = PBXBuildFile; fileRef = E4D926BD222DE03200019F25 /* ParstagramUITests.swift */; };
		E4D926CC222E033C00019F25 /* LoginViewController.swift in Sources */ = {isa = PBXBuildFile; fileRef = E4D926CB222E033C00019F25 /* LoginViewController.swift */; };
		E4D926D0222E29C400019F25 /* CameraViewController.swift in Sources */ = {isa = PBXBuildFile; fileRef = E4D926CF222E29C400019F25 /* CameraViewController.swift */; };
		E4D926D2222EFC0F00019F25 /* PostCell.swift in Sources */ = {isa = PBXBuildFile; fileRef = E4D926D1222EFC0F00019F25 /* PostCell.swift */; };
		E4D926D4222F07FC00019F25 /* FeedViewController.swift in Sources */ = {isa = PBXBuildFile; fileRef = E4D926D3222F07FC00019F25 /* FeedViewController.swift */; };
/* End PBXBuildFile section */

/* Begin PBXContainerItemProxy section */
		E4D926AF222DE03200019F25 /* PBXContainerItemProxy */ = {
			isa = PBXContainerItemProxy;
			containerPortal = E4D92692222DE02D00019F25 /* Project object */;
			proxyType = 1;
			remoteGlobalIDString = E4D92699222DE02D00019F25;
			remoteInfo = Parstagram;
		};
		E4D926BA222DE03200019F25 /* PBXContainerItemProxy */ = {
			isa = PBXContainerItemProxy;
			containerPortal = E4D92692222DE02D00019F25 /* Project object */;
			proxyType = 1;
			remoteGlobalIDString = E4D92699222DE02D00019F25;
			remoteInfo = Parstagram;
		};
/* End PBXContainerItemProxy section */

/* Begin PBXFileReference section */
		2982409CA98D0A91A212B544 /* Pods-ParstagramUITests.debug.xcconfig */ = {isa = PBXFileReference; includeInIndex = 1; lastKnownFileType = text.xcconfig; name = "Pods-ParstagramUITests.debug.xcconfig"; path = "Pods/Target Support Files/Pods-ParstagramUITests/Pods-ParstagramUITests.debug.xcconfig"; sourceTree = "<group>"; };
		4FDA387F3EB16B0B1CC20AE8 /* Pods-ParstagramTests.debug.xcconfig */ = {isa = PBXFileReference; includeInIndex = 1; lastKnownFileType = text.xcconfig; name = "Pods-ParstagramTests.debug.xcconfig"; path = "Pods/Target Support Files/Pods-ParstagramTests/Pods-ParstagramTests.debug.xcconfig"; sourceTree = "<group>"; };
		7DFE01C9531684237BD7D10D /* Pods_ParstagramTests.framework */ = {isa = PBXFileReference; explicitFileType = wrapper.framework; includeInIndex = 0; path = Pods_ParstagramTests.framework; sourceTree = BUILT_PRODUCTS_DIR; };
		7F4E02712C9D53C8AFC8A0AA /* Pods-Parstagram.release.xcconfig */ = {isa = PBXFileReference; includeInIndex = 1; lastKnownFileType = text.xcconfig; name = "Pods-Parstagram.release.xcconfig"; path = "Pods/Target Support Files/Pods-Parstagram/Pods-Parstagram.release.xcconfig"; sourceTree = "<group>"; };
		87047E50683EBEC89CE448DF /* Pods_Parstagram.framework */ = {isa = PBXFileReference; explicitFileType = wrapper.framework; includeInIndex = 0; path = Pods_Parstagram.framework; sourceTree = BUILT_PRODUCTS_DIR; };
		997C7EFBF1ECF5EE6CFEC23D /* Pods_ParstagramUITests.framework */ = {isa = PBXFileReference; explicitFileType = wrapper.framework; includeInIndex = 0; path = Pods_ParstagramUITests.framework; sourceTree = BUILT_PRODUCTS_DIR; };
		B6A8A1C68F2BBCC9DB023787 /* Pods-ParstagramTests.release.xcconfig */ = {isa = PBXFileReference; includeInIndex = 1; lastKnownFileType = text.xcconfig; name = "Pods-ParstagramTests.release.xcconfig"; path = "Pods/Target Support Files/Pods-ParstagramTests/Pods-ParstagramTests.release.xcconfig"; sourceTree = "<group>"; };
		B858AA1881AC2F816F85C6E3 /* Pods-Parstagram.debug.xcconfig */ = {isa = PBXFileReference; includeInIndex = 1; lastKnownFileType = text.xcconfig; name = "Pods-Parstagram.debug.xcconfig"; path = "Pods/Target Support Files/Pods-Parstagram/Pods-Parstagram.debug.xcconfig"; sourceTree = "<group>"; };
		C9719F27FC2F1C3C1DCA5C82 /* Pods-ParstagramUITests.release.xcconfig */ = {isa = PBXFileReference; includeInIndex = 1; lastKnownFileType = text.xcconfig; name = "Pods-ParstagramUITests.release.xcconfig"; path = "Pods/Target Support Files/Pods-ParstagramUITests/Pods-ParstagramUITests.release.xcconfig"; sourceTree = "<group>"; };
		E4D9269A222DE02D00019F25 /* Parstagram.app */ = {isa = PBXFileReference; explicitFileType = wrapper.application; includeInIndex = 0; path = Parstagram.app; sourceTree = BUILT_PRODUCTS_DIR; };
		E4D9269D222DE02D00019F25 /* AppDelegate.swift */ = {isa = PBXFileReference; lastKnownFileType = sourcecode.swift; path = AppDelegate.swift; sourceTree = "<group>"; };
		E4D926A2222DE02D00019F25 /* Base */ = {isa = PBXFileReference; lastKnownFileType = file.storyboard; name = Base; path = Base.lproj/Main.storyboard; sourceTree = "<group>"; };
		E4D926A4222DE03100019F25 /* Assets.xcassets */ = {isa = PBXFileReference; lastKnownFileType = folder.assetcatalog; path = Assets.xcassets; sourceTree = "<group>"; };
		E4D926A7222DE03100019F25 /* Base */ = {isa = PBXFileReference; lastKnownFileType = file.storyboard; name = Base; path = Base.lproj/LaunchScreen.storyboard; sourceTree = "<group>"; };
		E4D926A9222DE03100019F25 /* Info.plist */ = {isa = PBXFileReference; lastKnownFileType = text.plist.xml; path = Info.plist; sourceTree = "<group>"; };
		E4D926AE222DE03200019F25 /* ParstagramTests.xctest */ = {isa = PBXFileReference; explicitFileType = wrapper.cfbundle; includeInIndex = 0; path = ParstagramTests.xctest; sourceTree = BUILT_PRODUCTS_DIR; };
		E4D926B2222DE03200019F25 /* ParstagramTests.swift */ = {isa = PBXFileReference; lastKnownFileType = sourcecode.swift; path = ParstagramTests.swift; sourceTree = "<group>"; };
		E4D926B4222DE03200019F25 /* Info.plist */ = {isa = PBXFileReference; lastKnownFileType = text.plist.xml; path = Info.plist; sourceTree = "<group>"; };
		E4D926B9222DE03200019F25 /* ParstagramUITests.xctest */ = {isa = PBXFileReference; explicitFileType = wrapper.cfbundle; includeInIndex = 0; path = ParstagramUITests.xctest; sourceTree = BUILT_PRODUCTS_DIR; };
		E4D926BD222DE03200019F25 /* ParstagramUITests.swift */ = {isa = PBXFileReference; lastKnownFileType = sourcecode.swift; path = ParstagramUITests.swift; sourceTree = "<group>"; };
		E4D926BF222DE03200019F25 /* Info.plist */ = {isa = PBXFileReference; lastKnownFileType = text.plist.xml; path = Info.plist; sourceTree = "<group>"; };
		E4D926CB222E033C00019F25 /* LoginViewController.swift */ = {isa = PBXFileReference; lastKnownFileType = sourcecode.swift; path = LoginViewController.swift; sourceTree = "<group>"; };
		E4D926CF222E29C400019F25 /* CameraViewController.swift */ = {isa = PBXFileReference; lastKnownFileType = sourcecode.swift; path = CameraViewController.swift; sourceTree = "<group>"; };
		E4D926D1222EFC0F00019F25 /* PostCell.swift */ = {isa = PBXFileReference; lastKnownFileType = sourcecode.swift; path = PostCell.swift; sourceTree = "<group>"; };
		E4D926D3222F07FC00019F25 /* FeedViewController.swift */ = {isa = PBXFileReference; lastKnownFileType = sourcecode.swift; path = FeedViewController.swift; sourceTree = "<group>"; };
/* End PBXFileReference section */

/* Begin PBXFrameworksBuildPhase section */
		E4D92697222DE02D00019F25 /* Frameworks */ = {
			isa = PBXFrameworksBuildPhase;
			buildActionMask = 2147483647;
			files = (
				9E5E38B49C1668AD0AD7B163 /* Pods_Parstagram.framework in Frameworks */,
			);
			runOnlyForDeploymentPostprocessing = 0;
		};
		E4D926AB222DE03200019F25 /* Frameworks */ = {
			isa = PBXFrameworksBuildPhase;
			buildActionMask = 2147483647;
			files = (
				98666CF858E60F9A885A778E /* Pods_ParstagramTests.framework in Frameworks */,
			);
			runOnlyForDeploymentPostprocessing = 0;
		};
		E4D926B6222DE03200019F25 /* Frameworks */ = {
			isa = PBXFrameworksBuildPhase;
			buildActionMask = 2147483647;
			files = (
				AF0EF570D25BEAE00CD64C04 /* Pods_ParstagramUITests.framework in Frameworks */,
			);
			runOnlyForDeploymentPostprocessing = 0;
		};
/* End PBXFrameworksBuildPhase section */

/* Begin PBXGroup section */
		137D986DA5CCEE70851DB15D /* Frameworks */ = {
			isa = PBXGroup;
			children = (
				87047E50683EBEC89CE448DF /* Pods_Parstagram.framework */,
				7DFE01C9531684237BD7D10D /* Pods_ParstagramTests.framework */,
				997C7EFBF1ECF5EE6CFEC23D /* Pods_ParstagramUITests.framework */,
			);
			name = Frameworks;
			sourceTree = "<group>";
		};
		D6934A4B28F88B34C80A5A3F /* Pods */ = {
			isa = PBXGroup;
			children = (
				B858AA1881AC2F816F85C6E3 /* Pods-Parstagram.debug.xcconfig */,
				7F4E02712C9D53C8AFC8A0AA /* Pods-Parstagram.release.xcconfig */,
				4FDA387F3EB16B0B1CC20AE8 /* Pods-ParstagramTests.debug.xcconfig */,
				B6A8A1C68F2BBCC9DB023787 /* Pods-ParstagramTests.release.xcconfig */,
				2982409CA98D0A91A212B544 /* Pods-ParstagramUITests.debug.xcconfig */,
				C9719F27FC2F1C3C1DCA5C82 /* Pods-ParstagramUITests.release.xcconfig */,
			);
			name = Pods;
			sourceTree = "<group>";
		};
		E4D92691222DE02D00019F25 = {
			isa = PBXGroup;
			children = (
				E4D9269C222DE02D00019F25 /* Parstagram */,
				E4D926B1222DE03200019F25 /* ParstagramTests */,
				E4D926BC222DE03200019F25 /* ParstagramUITests */,
				E4D9269B222DE02D00019F25 /* Products */,
				D6934A4B28F88B34C80A5A3F /* Pods */,
				137D986DA5CCEE70851DB15D /* Frameworks */,
			);
			sourceTree = "<group>";
		};
		E4D9269B222DE02D00019F25 /* Products */ = {
			isa = PBXGroup;
			children = (
				E4D9269A222DE02D00019F25 /* Parstagram.app */,
				E4D926AE222DE03200019F25 /* ParstagramTests.xctest */,
				E4D926B9222DE03200019F25 /* ParstagramUITests.xctest */,
			);
			name = Products;
			sourceTree = "<group>";
		};
		E4D9269C222DE02D00019F25 /* Parstagram */ = {
			isa = PBXGroup;
			children = (
				E4D9269D222DE02D00019F25 /* AppDelegate.swift */,
				E4D926A1222DE02D00019F25 /* Main.storyboard */,
				E4D926A4222DE03100019F25 /* Assets.xcassets */,
				E4D926A6222DE03100019F25 /* LaunchScreen.storyboard */,
				E4D926A9222DE03100019F25 /* Info.plist */,
				E4D926CB222E033C00019F25 /* LoginViewController.swift */,
				E4D926CF222E29C400019F25 /* CameraViewController.swift */,
				E4D926D1222EFC0F00019F25 /* PostCell.swift */,
				E4D926D3222F07FC00019F25 /* FeedViewController.swift */,
			);
			path = Parstagram;
			sourceTree = "<group>";
		};
		E4D926B1222DE03200019F25 /* ParstagramTests */ = {
			isa = PBXGroup;
			children = (
				E4D926B2222DE03200019F25 /* ParstagramTests.swift */,
				E4D926B4222DE03200019F25 /* Info.plist */,
			);
			path = ParstagramTests;
			sourceTree = "<group>";
		};
		E4D926BC222DE03200019F25 /* ParstagramUITests */ = {
			isa = PBXGroup;
			children = (
				E4D926BD222DE03200019F25 /* ParstagramUITests.swift */,
				E4D926BF222DE03200019F25 /* Info.plist */,
			);
			path = ParstagramUITests;
			sourceTree = "<group>";
		};
/* End PBXGroup section */

/* Begin PBXNativeTarget section */
		E4D92699222DE02D00019F25 /* Parstagram */ = {
			isa = PBXNativeTarget;
			buildConfigurationList = E4D926C2222DE03200019F25 /* Build configuration list for PBXNativeTarget "Parstagram" */;
			buildPhases = (
				47E4A648B4A3DA38323805ED /* [CP] Check Pods Manifest.lock */,
				E4D92696222DE02D00019F25 /* Sources */,
				E4D92697222DE02D00019F25 /* Frameworks */,
				E4D92698222DE02D00019F25 /* Resources */,
				9514B2FE34ED31363C16045C /* [CP] Embed Pods Frameworks */,
			);
			buildRules = (
			);
			dependencies = (
			);
			name = Parstagram;
			productName = Parstagram;
			productReference = E4D9269A222DE02D00019F25 /* Parstagram.app */;
			productType = "com.apple.product-type.application";
		};
		E4D926AD222DE03200019F25 /* ParstagramTests */ = {
			isa = PBXNativeTarget;
			buildConfigurationList = E4D926C5222DE03200019F25 /* Build configuration list for PBXNativeTarget "ParstagramTests" */;
			buildPhases = (
				7337246C773D58EF91C8DAED /* [CP] Check Pods Manifest.lock */,
				E4D926AA222DE03200019F25 /* Sources */,
				E4D926AB222DE03200019F25 /* Frameworks */,
				E4D926AC222DE03200019F25 /* Resources */,
			);
			buildRules = (
			);
			dependencies = (
				E4D926B0222DE03200019F25 /* PBXTargetDependency */,
			);
			name = ParstagramTests;
			productName = ParstagramTests;
			productReference = E4D926AE222DE03200019F25 /* ParstagramTests.xctest */;
			productType = "com.apple.product-type.bundle.unit-test";
		};
		E4D926B8222DE03200019F25 /* ParstagramUITests */ = {
			isa = PBXNativeTarget;
			buildConfigurationList = E4D926C8222DE03200019F25 /* Build configuration list for PBXNativeTarget "ParstagramUITests" */;
			buildPhases = (
				3EFF5915ED6AB242CD68C3A6 /* [CP] Check Pods Manifest.lock */,
				E4D926B5222DE03200019F25 /* Sources */,
				E4D926B6222DE03200019F25 /* Frameworks */,
				E4D926B7222DE03200019F25 /* Resources */,
			);
			buildRules = (
			);
			dependencies = (
				E4D926BB222DE03200019F25 /* PBXTargetDependency */,
			);
			name = ParstagramUITests;
			productName = ParstagramUITests;
			productReference = E4D926B9222DE03200019F25 /* ParstagramUITests.xctest */;
			productType = "com.apple.product-type.bundle.ui-testing";
		};
/* End PBXNativeTarget section */

/* Begin PBXProject section */
		E4D92692222DE02D00019F25 /* Project object */ = {
			isa = PBXProject;
			attributes = {
				LastSwiftUpdateCheck = 1000;
				LastUpgradeCheck = 1000;
				ORGANIZATIONNAME = "Harry Zhang";
				TargetAttributes = {
					E4D92699222DE02D00019F25 = {
						CreatedOnToolsVersion = 10.0;
					};
					E4D926AD222DE03200019F25 = {
						CreatedOnToolsVersion = 10.0;
						TestTargetID = E4D92699222DE02D00019F25;
					};
					E4D926B8222DE03200019F25 = {
						CreatedOnToolsVersion = 10.0;
						TestTargetID = E4D92699222DE02D00019F25;
					};
				};
			};
			buildConfigurationList = E4D92695222DE02D00019F25 /* Build configuration list for PBXProject "Parstagram" */;
			compatibilityVersion = "Xcode 9.3";
			developmentRegion = en;
			hasScannedForEncodings = 0;
			knownRegions = (
				en,
				Base,
			);
			mainGroup = E4D92691222DE02D00019F25;
			productRefGroup = E4D9269B222DE02D00019F25 /* Products */;
			projectDirPath = "";
			projectRoot = "";
			targets = (
				E4D92699222DE02D00019F25 /* Parstagram */,
				E4D926AD222DE03200019F25 /* ParstagramTests */,
				E4D926B8222DE03200019F25 /* ParstagramUITests */,
			);
		};
/* End PBXProject section */

/* Begin PBXResourcesBuildPhase section */
		E4D92698222DE02D00019F25 /* Resources */ = {
			isa = PBXResourcesBuildPhase;
			buildActionMask = 2147483647;
			files = (
				E4D926A8222DE03100019F25 /* LaunchScreen.storyboard in Resources */,
				E4D926A5222DE03100019F25 /* Assets.xcassets in Resources */,
				E4D926A3222DE02D00019F25 /* Main.storyboard in Resources */,
			);
			runOnlyForDeploymentPostprocessing = 0;
		};
		E4D926AC222DE03200019F25 /* Resources */ = {
			isa = PBXResourcesBuildPhase;
			buildActionMask = 2147483647;
			files = (
			);
			runOnlyForDeploymentPostprocessing = 0;
		};
		E4D926B7222DE03200019F25 /* Resources */ = {
			isa = PBXResourcesBuildPhase;
			buildActionMask = 2147483647;
			files = (
			);
			runOnlyForDeploymentPostprocessing = 0;
		};
/* End PBXResourcesBuildPhase section */

/* Begin PBXShellScriptBuildPhase section */
		3EFF5915ED6AB242CD68C3A6 /* [CP] Check Pods Manifest.lock */ = {
			isa = PBXShellScriptBuildPhase;
			buildActionMask = 2147483647;
			files = (
			);
			inputFileListPaths = (
			);
			inputPaths = (
				"${PODS_PODFILE_DIR_PATH}/Podfile.lock",
				"${PODS_ROOT}/Manifest.lock",
			);
			name = "[CP] Check Pods Manifest.lock";
			outputFileListPaths = (
			);
			outputPaths = (
				"$(DERIVED_FILE_DIR)/Pods-ParstagramUITests-checkManifestLockResult.txt",
			);
			runOnlyForDeploymentPostprocessing = 0;
			shellPath = /bin/sh;
			shellScript = "diff \"${PODS_PODFILE_DIR_PATH}/Podfile.lock\" \"${PODS_ROOT}/Manifest.lock\" > /dev/null\nif [ $? != 0 ] ; then\n    # print error to STDERR\n    echo \"error: The sandbox is not in sync with the Podfile.lock. Run 'pod install' or update your CocoaPods installation.\" >&2\n    exit 1\nfi\n# This output is used by Xcode 'outputs' to avoid re-running this script phase.\necho \"SUCCESS\" > \"${SCRIPT_OUTPUT_FILE_0}\"\n";
			showEnvVarsInLog = 0;
		};
		47E4A648B4A3DA38323805ED /* [CP] Check Pods Manifest.lock */ = {
			isa = PBXShellScriptBuildPhase;
			buildActionMask = 2147483647;
			files = (
			);
			inputFileListPaths = (
			);
			inputPaths = (
				"${PODS_PODFILE_DIR_PATH}/Podfile.lock",
				"${PODS_ROOT}/Manifest.lock",
			);
			name = "[CP] Check Pods Manifest.lock";
			outputFileListPaths = (
			);
			outputPaths = (
				"$(DERIVED_FILE_DIR)/Pods-Parstagram-checkManifestLockResult.txt",
			);
			runOnlyForDeploymentPostprocessing = 0;
			shellPath = /bin/sh;
			shellScript = "diff \"${PODS_PODFILE_DIR_PATH}/Podfile.lock\" \"${PODS_ROOT}/Manifest.lock\" > /dev/null\nif [ $? != 0 ] ; then\n    # print error to STDERR\n    echo \"error: The sandbox is not in sync with the Podfile.lock. Run 'pod install' or update your CocoaPods installation.\" >&2\n    exit 1\nfi\n# This output is used by Xcode 'outputs' to avoid re-running this script phase.\necho \"SUCCESS\" > \"${SCRIPT_OUTPUT_FILE_0}\"\n";
			showEnvVarsInLog = 0;
		};
		7337246C773D58EF91C8DAED /* [CP] Check Pods Manifest.lock */ = {
			isa = PBXShellScriptBuildPhase;
			buildActionMask = 2147483647;
			files = (
			);
			inputFileListPaths = (
			);
			inputPaths = (
				"${PODS_PODFILE_DIR_PATH}/Podfile.lock",
				"${PODS_ROOT}/Manifest.lock",
			);
			name = "[CP] Check Pods Manifest.lock";
			outputFileListPaths = (
			);
			outputPaths = (
				"$(DERIVED_FILE_DIR)/Pods-ParstagramTests-checkManifestLockResult.txt",
			);
			runOnlyForDeploymentPostprocessing = 0;
			shellPath = /bin/sh;
			shellScript = "diff \"${PODS_PODFILE_DIR_PATH}/Podfile.lock\" \"${PODS_ROOT}/Manifest.lock\" > /dev/null\nif [ $? != 0 ] ; then\n    # print error to STDERR\n    echo \"error: The sandbox is not in sync with the Podfile.lock. Run 'pod install' or update your CocoaPods installation.\" >&2\n    exit 1\nfi\n# This output is used by Xcode 'outputs' to avoid re-running this script phase.\necho \"SUCCESS\" > \"${SCRIPT_OUTPUT_FILE_0}\"\n";
			showEnvVarsInLog = 0;
		};
		9514B2FE34ED31363C16045C /* [CP] Embed Pods Frameworks */ = {
			isa = PBXShellScriptBuildPhase;
			buildActionMask = 2147483647;
			files = (
			);
			inputFileListPaths = (
			);
			inputPaths = (
				"${SRCROOT}/Pods/Target Support Files/Pods-Parstagram/Pods-Parstagram-frameworks.sh",
				"${BUILT_PRODUCTS_DIR}/Alamofire/Alamofire.framework",
				"${BUILT_PRODUCTS_DIR}/AlamofireImage/AlamofireImage.framework",
				"${BUILT_PRODUCTS_DIR}/Bolts/Bolts.framework",
				"${BUILT_PRODUCTS_DIR}/Parse/Parse.framework",
			);
			name = "[CP] Embed Pods Frameworks";
			outputFileListPaths = (
			);
			outputPaths = (
				"${TARGET_BUILD_DIR}/${FRAMEWORKS_FOLDER_PATH}/Alamofire.framework",
				"${TARGET_BUILD_DIR}/${FRAMEWORKS_FOLDER_PATH}/AlamofireImage.framework",
				"${TARGET_BUILD_DIR}/${FRAMEWORKS_FOLDER_PATH}/Bolts.framework",
				"${TARGET_BUILD_DIR}/${FRAMEWORKS_FOLDER_PATH}/Parse.framework",
			);
			runOnlyForDeploymentPostprocessing = 0;
			shellPath = /bin/sh;
			shellScript = "\"${SRCROOT}/Pods/Target Support Files/Pods-Parstagram/Pods-Parstagram-frameworks.sh\"\n";
			showEnvVarsInLog = 0;
		};
/* End PBXShellScriptBuildPhase section */

/* Begin PBXSourcesBuildPhase section */
		E4D92696222DE02D00019F25 /* Sources */ = {
			isa = PBXSourcesBuildPhase;
			buildActionMask = 2147483647;
			files = (
				E4D926CC222E033C00019F25 /* LoginViewController.swift in Sources */,
				E4D926D0222E29C400019F25 /* CameraViewController.swift in Sources */,
				E4D926D4222F07FC00019F25 /* FeedViewController.swift in Sources */,
				E4D9269E222DE02D00019F25 /* AppDelegate.swift in Sources */,
				E4D926D2222EFC0F00019F25 /* PostCell.swift in Sources */,
			);
			runOnlyForDeploymentPostprocessing = 0;
		};
		E4D926AA222DE03200019F25 /* Sources */ = {
			isa = PBXSourcesBuildPhase;
			buildActionMask = 2147483647;
			files = (
				E4D926B3222DE03200019F25 /* ParstagramTests.swift in Sources */,
			);
			runOnlyForDeploymentPostprocessing = 0;
		};
		E4D926B5222DE03200019F25 /* Sources */ = {
			isa = PBXSourcesBuildPhase;
			buildActionMask = 2147483647;
			files = (
				E4D926BE222DE03200019F25 /* ParstagramUITests.swift in Sources */,
			);
			runOnlyForDeploymentPostprocessing = 0;
		};
/* End PBXSourcesBuildPhase section */

/* Begin PBXTargetDependency section */
		E4D926B0222DE03200019F25 /* PBXTargetDependency */ = {
			isa = PBXTargetDependency;
			target = E4D92699222DE02D00019F25 /* Parstagram */;
			targetProxy = E4D926AF222DE03200019F25 /* PBXContainerItemProxy */;
		};
		E4D926BB222DE03200019F25 /* PBXTargetDependency */ = {
			isa = PBXTargetDependency;
			target = E4D92699222DE02D00019F25 /* Parstagram */;
			targetProxy = E4D926BA222DE03200019F25 /* PBXContainerItemProxy */;
		};
/* End PBXTargetDependency section */

/* Begin PBXVariantGroup section */
		E4D926A1222DE02D00019F25 /* Main.storyboard */ = {
			isa = PBXVariantGroup;
			children = (
				E4D926A2222DE02D00019F25 /* Base */,
			);
			name = Main.storyboard;
			sourceTree = "<group>";
		};
		E4D926A6222DE03100019F25 /* LaunchScreen.storyboard */ = {
			isa = PBXVariantGroup;
			children = (
				E4D926A7222DE03100019F25 /* Base */,
			);
			name = LaunchScreen.storyboard;
			sourceTree = "<group>";
		};
/* End PBXVariantGroup section */

/* Begin XCBuildConfiguration section */
		E4D926C0222DE03200019F25 /* Debug */ = {
			isa = XCBuildConfiguration;
			buildSettings = {
				ALWAYS_SEARCH_USER_PATHS = NO;
				CLANG_ANALYZER_NONNULL = YES;
				CLANG_ANALYZER_NUMBER_OBJECT_CONVERSION = YES_AGGRESSIVE;
				CLANG_CXX_LANGUAGE_STANDARD = "gnu++14";
				CLANG_CXX_LIBRARY = "libc++";
				CLANG_ENABLE_MODULES = YES;
				CLANG_ENABLE_OBJC_ARC = YES;
				CLANG_ENABLE_OBJC_WEAK = YES;
				CLANG_WARN_BLOCK_CAPTURE_AUTORELEASING = YES;
				CLANG_WARN_BOOL_CONVERSION = YES;
				CLANG_WARN_COMMA = YES;
				CLANG_WARN_CONSTANT_CONVERSION = YES;
				CLANG_WARN_DEPRECATED_OBJC_IMPLEMENTATIONS = YES;
				CLANG_WARN_DIRECT_OBJC_ISA_USAGE = YES_ERROR;
				CLANG_WARN_DOCUMENTATION_COMMENTS = YES;
				CLANG_WARN_EMPTY_BODY = YES;
				CLANG_WARN_ENUM_CONVERSION = YES;
				CLANG_WARN_INFINITE_RECURSION = YES;
				CLANG_WARN_INT_CONVERSION = YES;
				CLANG_WARN_NON_LITERAL_NULL_CONVERSION = YES;
				CLANG_WARN_OBJC_IMPLICIT_RETAIN_SELF = YES;
				CLANG_WARN_OBJC_LITERAL_CONVERSION = YES;
				CLANG_WARN_OBJC_ROOT_CLASS = YES_ERROR;
				CLANG_WARN_RANGE_LOOP_ANALYSIS = YES;
				CLANG_WARN_STRICT_PROTOTYPES = YES;
				CLANG_WARN_SUSPICIOUS_MOVE = YES;
				CLANG_WARN_UNGUARDED_AVAILABILITY = YES_AGGRESSIVE;
				CLANG_WARN_UNREACHABLE_CODE = YES;
				CLANG_WARN__DUPLICATE_METHOD_MATCH = YES;
				CODE_SIGN_IDENTITY = "iPhone Developer";
				COPY_PHASE_STRIP = NO;
				DEBUG_INFORMATION_FORMAT = dwarf;
				ENABLE_STRICT_OBJC_MSGSEND = YES;
				ENABLE_TESTABILITY = YES;
				GCC_C_LANGUAGE_STANDARD = gnu11;
				GCC_DYNAMIC_NO_PIC = NO;
				GCC_NO_COMMON_BLOCKS = YES;
				GCC_OPTIMIZATION_LEVEL = 0;
				GCC_PREPROCESSOR_DEFINITIONS = (
					"DEBUG=1",
					"$(inherited)",
				);
				GCC_WARN_64_TO_32_BIT_CONVERSION = YES;
				GCC_WARN_ABOUT_RETURN_TYPE = YES_ERROR;
				GCC_WARN_UNDECLARED_SELECTOR = YES;
				GCC_WARN_UNINITIALIZED_AUTOS = YES_AGGRESSIVE;
				GCC_WARN_UNUSED_FUNCTION = YES;
				GCC_WARN_UNUSED_VARIABLE = YES;
				IPHONEOS_DEPLOYMENT_TARGET = 12.0;
				MTL_ENABLE_DEBUG_INFO = INCLUDE_SOURCE;
				MTL_FAST_MATH = YES;
				ONLY_ACTIVE_ARCH = YES;
				SDKROOT = iphoneos;
				SWIFT_ACTIVE_COMPILATION_CONDITIONS = DEBUG;
				SWIFT_OPTIMIZATION_LEVEL = "-Onone";
			};
			name = Debug;
		};
		E4D926C1222DE03200019F25 /* Release */ = {
			isa = XCBuildConfiguration;
			buildSettings = {
				ALWAYS_SEARCH_USER_PATHS = NO;
				CLANG_ANALYZER_NONNULL = YES;
				CLANG_ANALYZER_NUMBER_OBJECT_CONVERSION = YES_AGGRESSIVE;
				CLANG_CXX_LANGUAGE_STANDARD = "gnu++14";
				CLANG_CXX_LIBRARY = "libc++";
				CLANG_ENABLE_MODULES = YES;
				CLANG_ENABLE_OBJC_ARC = YES;
				CLANG_ENABLE_OBJC_WEAK = YES;
				CLANG_WARN_BLOCK_CAPTURE_AUTORELEASING = YES;
				CLANG_WARN_BOOL_CONVERSION = YES;
				CLANG_WARN_COMMA = YES;
				CLANG_WARN_CONSTANT_CONVERSION = YES;
				CLANG_WARN_DEPRECATED_OBJC_IMPLEMENTATIONS = YES;
				CLANG_WARN_DIRECT_OBJC_ISA_USAGE = YES_ERROR;
				CLANG_WARN_DOCUMENTATION_COMMENTS = YES;
				CLANG_WARN_EMPTY_BODY = YES;
				CLANG_WARN_ENUM_CONVERSION = YES;
				CLANG_WARN_INFINITE_RECURSION = YES;
				CLANG_WARN_INT_CONVERSION = YES;
				CLANG_WARN_NON_LITERAL_NULL_CONVERSION = YES;
				CLANG_WARN_OBJC_IMPLICIT_RETAIN_SELF = YES;
				CLANG_WARN_OBJC_LITERAL_CONVERSION = YES;
				CLANG_WARN_OBJC_ROOT_CLASS = YES_ERROR;
				CLANG_WARN_RANGE_LOOP_ANALYSIS = YES;
				CLANG_WARN_STRICT_PROTOTYPES = YES;
				CLANG_WARN_SUSPICIOUS_MOVE = YES;
				CLANG_WARN_UNGUARDED_AVAILABILITY = YES_AGGRESSIVE;
				CLANG_WARN_UNREACHABLE_CODE = YES;
				CLANG_WARN__DUPLICATE_METHOD_MATCH = YES;
				CODE_SIGN_IDENTITY = "iPhone Developer";
				COPY_PHASE_STRIP = NO;
				DEBUG_INFORMATION_FORMAT = "dwarf-with-dsym";
				ENABLE_NS_ASSERTIONS = NO;
				ENABLE_STRICT_OBJC_MSGSEND = YES;
				GCC_C_LANGUAGE_STANDARD = gnu11;
				GCC_NO_COMMON_BLOCKS = YES;
				GCC_WARN_64_TO_32_BIT_CONVERSION = YES;
				GCC_WARN_ABOUT_RETURN_TYPE = YES_ERROR;
				GCC_WARN_UNDECLARED_SELECTOR = YES;
				GCC_WARN_UNINITIALIZED_AUTOS = YES_AGGRESSIVE;
				GCC_WARN_UNUSED_FUNCTION = YES;
				GCC_WARN_UNUSED_VARIABLE = YES;
				IPHONEOS_DEPLOYMENT_TARGET = 12.0;
				MTL_ENABLE_DEBUG_INFO = NO;
				MTL_FAST_MATH = YES;
				SDKROOT = iphoneos;
				SWIFT_COMPILATION_MODE = wholemodule;
				SWIFT_OPTIMIZATION_LEVEL = "-O";
				VALIDATE_PRODUCT = YES;
			};
			name = Release;
		};
		E4D926C3222DE03200019F25 /* Debug */ = {
			isa = XCBuildConfiguration;
			baseConfigurationReference = B858AA1881AC2F816F85C6E3 /* Pods-Parstagram.debug.xcconfig */;
			buildSettings = {
				ASSETCATALOG_COMPILER_APPICON_NAME = AppIcon;
				CODE_SIGN_STYLE = Automatic;
				INFOPLIST_FILE = Parstagram/Info.plist;
				LD_RUNPATH_SEARCH_PATHS = (
					"$(inherited)",
					"@executable_path/Frameworks",
				);
				PRODUCT_BUNDLE_IDENTIFIER = com.harryzhang.Parstagram;
				PRODUCT_NAME = "$(TARGET_NAME)";
				SWIFT_VERSION = 4.2;
				TARGETED_DEVICE_FAMILY = "1,2";
			};
			name = Debug;
		};
		E4D926C4222DE03200019F25 /* Release */ = {
			isa = XCBuildConfiguration;
			baseConfigurationReference = 7F4E02712C9D53C8AFC8A0AA /* Pods-Parstagram.release.xcconfig */;
			buildSettings = {
				ASSETCATALOG_COMPILER_APPICON_NAME = AppIcon;
				CODE_SIGN_STYLE = Automatic;
				INFOPLIST_FILE = Parstagram/Info.plist;
				LD_RUNPATH_SEARCH_PATHS = (
					"$(inherited)",
					"@executable_path/Frameworks",
				);
				PRODUCT_BUNDLE_IDENTIFIER = com.harryzhang.Parstagram;
				PRODUCT_NAME = "$(TARGET_NAME)";
				SWIFT_VERSION = 4.2;
				TARGETED_DEVICE_FAMILY = "1,2";
			};
			name = Release;
		};
		E4D926C6222DE03200019F25 /* Debug */ = {
			isa = XCBuildConfiguration;
			baseConfigurationReference = 4FDA387F3EB16B0B1CC20AE8 /* Pods-ParstagramTests.debug.xcconfig */;
			buildSettings = {
				ALWAYS_EMBED_SWIFT_STANDARD_LIBRARIES = YES;
				BUNDLE_LOADER = "$(TEST_HOST)";
				CODE_SIGN_STYLE = Automatic;
				INFOPLIST_FILE = ParstagramTests/Info.plist;
				LD_RUNPATH_SEARCH_PATHS = (
					"$(inherited)",
					"@executable_path/Frameworks",
					"@loader_path/Frameworks",
				);
				PRODUCT_BUNDLE_IDENTIFIER = com.harryzhang.ParstagramTests;
				PRODUCT_NAME = "$(TARGET_NAME)";
				SWIFT_VERSION = 4.2;
				TARGETED_DEVICE_FAMILY = "1,2";
				TEST_HOST = "$(BUILT_PRODUCTS_DIR)/Parstagram.app/Parstagram";
			};
			name = Debug;
		};
		E4D926C7222DE03200019F25 /* Release */ = {
			isa = XCBuildConfiguration;
			baseConfigurationReference = B6A8A1C68F2BBCC9DB023787 /* Pods-ParstagramTests.release.xcconfig */;
			buildSettings = {
				ALWAYS_EMBED_SWIFT_STANDARD_LIBRARIES = YES;
				BUNDLE_LOADER = "$(TEST_HOST)";
				CODE_SIGN_STYLE = Automatic;
				INFOPLIST_FILE = ParstagramTests/Info.plist;
				LD_RUNPATH_SEARCH_PATHS = (
					"$(inherited)",
					"@executable_path/Frameworks",
					"@loader_path/Frameworks",
				);
				PRODUCT_BUNDLE_IDENTIFIER = com.harryzhang.ParstagramTests;
				PRODUCT_NAME = "$(TARGET_NAME)";
				SWIFT_VERSION = 4.2;
				TARGETED_DEVICE_FAMILY = "1,2";
				TEST_HOST = "$(BUILT_PRODUCTS_DIR)/Parstagram.app/Parstagram";
			};
			name = Release;
		};
		E4D926C9222DE03200019F25 /* Debug */ = {
			isa = XCBuildConfiguration;
			baseConfigurationReference = 2982409CA98D0A91A212B544 /* Pods-ParstagramUITests.debug.xcconfig */;
			buildSettings = {
				ALWAYS_EMBED_SWIFT_STANDARD_LIBRARIES = YES;
				CODE_SIGN_STYLE = Automatic;
				INFOPLIST_FILE = ParstagramUITests/Info.plist;
				LD_RUNPATH_SEARCH_PATHS = (
					"$(inherited)",
					"@executable_path/Frameworks",
					"@loader_path/Frameworks",
				);
				PRODUCT_BUNDLE_IDENTIFIER = com.harryzhang.ParstagramUITests;
				PRODUCT_NAME = "$(TARGET_NAME)";
				SWIFT_VERSION = 4.2;
				TARGETED_DEVICE_FAMILY = "1,2";
				TEST_TARGET_NAME = Parstagram;
			};
			name = Debug;
		};
		E4D926CA222DE03200019F25 /* Release */ = {
			isa = XCBuildConfiguration;
			baseConfigurationReference = C9719F27FC2F1C3C1DCA5C82 /* Pods-ParstagramUITests.release.xcconfig */;
			buildSettings = {
				ALWAYS_EMBED_SWIFT_STANDARD_LIBRARIES = YES;
				CODE_SIGN_STYLE = Automatic;
				INFOPLIST_FILE = ParstagramUITests/Info.plist;
				LD_RUNPATH_SEARCH_PATHS = (
					"$(inherited)",
					"@executable_path/Frameworks",
					"@loader_path/Frameworks",
				);
				PRODUCT_BUNDLE_IDENTIFIER = com.harryzhang.ParstagramUITests;
				PRODUCT_NAME = "$(TARGET_NAME)";
				SWIFT_VERSION = 4.2;
				TARGETED_DEVICE_FAMILY = "1,2";
				TEST_TARGET_NAME = Parstagram;
			};
			name = Release;
		};
/* End XCBuildConfiguration section */

/* Begin XCConfigurationList section */
		E4D92695222DE02D00019F25 /* Build configuration list for PBXProject "Parstagram" */ = {
			isa = XCConfigurationList;
			buildConfigurations = (
				E4D926C0222DE03200019F25 /* Debug */,
				E4D926C1222DE03200019F25 /* Release */,
			);
			defaultConfigurationIsVisible = 0;
			defaultConfigurationName = Release;
		};
		E4D926C2222DE03200019F25 /* Build configuration list for PBXNativeTarget "Parstagram" */ = {
			isa = XCConfigurationList;
			buildConfigurations = (
				E4D926C3222DE03200019F25 /* Debug */,
				E4D926C4222DE03200019F25 /* Release */,
			);
			defaultConfigurationIsVisible = 0;
			defaultConfigurationName = Release;
		};
		E4D926C5222DE03200019F25 /* Build configuration list for PBXNativeTarget "ParstagramTests" */ = {
			isa = XCConfigurationList;
			buildConfigurations = (
				E4D926C6222DE03200019F25 /* Debug */,
				E4D926C7222DE03200019F25 /* Release */,
			);
			defaultConfigurationIsVisible = 0;
			defaultConfigurationName = Release;
		};
		E4D926C8222DE03200019F25 /* Build configuration list for PBXNativeTarget "ParstagramUITests" */ = {
			isa = XCConfigurationList;
			buildConfigurations = (
				E4D926C9222DE03200019F25 /* Debug */,
				E4D926CA222DE03200019F25 /* Release */,
			);
			defaultConfigurationIsVisible = 0;
			defaultConfigurationName = Release;
		};
/* End XCConfigurationList section */
	};
	rootObject = E4D92692222DE02D00019F25 /* Project object */;
}
